// !$*UTF8*$!
{
	archiveVersion = 1;
	classes = {
	};
	objectVersion = 46;
	objects = {

/* Begin PBXBuildFile section */
		0365D5431A62B11600683791 /* FRSizeWindowController.m in Sources */ = {isa = PBXBuildFile; fileRef = 0365D5411A62B11600683791 /* FRSizeWindowController.m */; };
		0365D5441A62B11600683791 /* FRSizeWindowController.xib in Resources */ = {isa = PBXBuildFile; fileRef = 0365D5421A62B11600683791 /* FRSizeWindowController.xib */; };
		03EC3A0A1A6216FB0046B8FD /* AppDelegate.m in Sources */ = {isa = PBXBuildFile; fileRef = 03EC3A091A6216FB0046B8FD /* AppDelegate.m */; };
		03EC3A0C1A6216FB0046B8FD /* main.m in Sources */ = {isa = PBXBuildFile; fileRef = 03EC3A0B1A6216FB0046B8FD /* main.m */; };
		03EC3A0E1A6216FB0046B8FD /* Images.xcassets in Resources */ = {isa = PBXBuildFile; fileRef = 03EC3A0D1A6216FB0046B8FD /* Images.xcassets */; };
		03EC3A111A6216FB0046B8FD /* MainMenu.xib in Resources */ = {isa = PBXBuildFile; fileRef = 03EC3A0F1A6216FB0046B8FD /* MainMenu.xib */; };
		03EC3A1D1A6216FB0046B8FD /* iCosnTests.m in Sources */ = {isa = PBXBuildFile; fileRef = 03EC3A1C1A6216FB0046B8FD /* iCosnTests.m */; };
		03EC3A281A621B750046B8FD /* FRFileDropView.m in Sources */ = {isa = PBXBuildFile; fileRef = 03EC3A271A621B750046B8FD /* FRFileDropView.m */; };
		03EC3A2E1A6224EA0046B8FD /* FRImageHelper.m in Sources */ = {isa = PBXBuildFile; fileRef = 03EC3A2D1A6224EA0046B8FD /* FRImageHelper.m */; };
/* End PBXBuildFile section */

/* Begin PBXContainerItemProxy section */
		03EC3A171A6216FB0046B8FD /* PBXContainerItemProxy */ = {
			isa = PBXContainerItemProxy;
			containerPortal = 03EC39FB1A6216FB0046B8FD /* Project object */;
			proxyType = 1;
			remoteGlobalIDString = 03EC3A021A6216FB0046B8FD;
			remoteInfo = iCosn;
		};
/* End PBXContainerItemProxy section */

/* Begin PBXFileReference section */
		0365D5401A62B11600683791 /* FRSizeWindowController.h */ = {isa = PBXFileReference; fileEncoding = 4; lastKnownFileType = sourcecode.c.h; path = FRSizeWindowController.h; sourceTree = "<group>"; };
		0365D5411A62B11600683791 /* FRSizeWindowController.m */ = {isa = PBXFileReference; fileEncoding = 4; lastKnownFileType = sourcecode.c.objc; path = FRSizeWindowController.m; sourceTree = "<group>"; };
		0365D5421A62B11600683791 /* FRSizeWindowController.xib */ = {isa = PBXFileReference; fileEncoding = 4; lastKnownFileType = file.xib; path = FRSizeWindowController.xib; sourceTree = "<group>"; };
		03EC3A031A6216FB0046B8FD /* iCosn.app */ = {isa = PBXFileReference; explicitFileType = wrapper.application; includeInIndex = 0; path = iCosn.app; sourceTree = BUILT_PRODUCTS_DIR; };
		03EC3A071A6216FB0046B8FD /* Info.plist */ = {isa = PBXFileReference; lastKnownFileType = text.plist.xml; path = Info.plist; sourceTree = "<group>"; };
		03EC3A081A6216FB0046B8FD /* AppDelegate.h */ = {isa = PBXFileReference; lastKnownFileType = sourcecode.c.h; path = AppDelegate.h; sourceTree = "<group>"; };
		03EC3A091A6216FB0046B8FD /* AppDelegate.m */ = {isa = PBXFileReference; lastKnownFileType = sourcecode.c.objc; path = AppDelegate.m; sourceTree = "<group>"; };
		03EC3A0B1A6216FB0046B8FD /* main.m */ = {isa = PBXFileReference; lastKnownFileType = sourcecode.c.objc; path = main.m; sourceTree = "<group>"; };
		03EC3A0D1A6216FB0046B8FD /* Images.xcassets */ = {isa = PBXFileReference; lastKnownFileType = folder.assetcatalog; path = Images.xcassets; sourceTree = "<group>"; };
		03EC3A101A6216FB0046B8FD /* Base */ = {isa = PBXFileReference; lastKnownFileType = file.xib; name = Base; path = Base.lproj/MainMenu.xib; sourceTree = "<group>"; };
		03EC3A161A6216FB0046B8FD /* iCosnTests.xctest */ = {isa = PBXFileReference; explicitFileType = wrapper.cfbundle; includeInIndex = 0; path = iCosnTests.xctest; sourceTree = BUILT_PRODUCTS_DIR; };
		03EC3A1B1A6216FB0046B8FD /* Info.plist */ = {isa = PBXFileReference; lastKnownFileType = text.plist.xml; path = Info.plist; sourceTree = "<group>"; };
		03EC3A1C1A6216FB0046B8FD /* iCosnTests.m */ = {isa = PBXFileReference; lastKnownFileType = sourcecode.c.objc; path = iCosnTests.m; sourceTree = "<group>"; };
		03EC3A261A621B750046B8FD /* FRFileDropView.h */ = {isa = PBXFileReference; fileEncoding = 4; lastKnownFileType = sourcecode.c.h; path = FRFileDropView.h; sourceTree = "<group>"; };
		03EC3A271A621B750046B8FD /* FRFileDropView.m */ = {isa = PBXFileReference; fileEncoding = 4; lastKnownFileType = sourcecode.c.objc; path = FRFileDropView.m; sourceTree = "<group>"; };
		03EC3A2C1A6224EA0046B8FD /* FRImageHelper.h */ = {isa = PBXFileReference; fileEncoding = 4; lastKnownFileType = sourcecode.c.h; path = FRImageHelper.h; sourceTree = "<group>"; };
		03EC3A2D1A6224EA0046B8FD /* FRImageHelper.m */ = {isa = PBXFileReference; fileEncoding = 4; lastKnownFileType = sourcecode.c.objc; path = FRImageHelper.m; sourceTree = "<group>"; };
/* End PBXFileReference section */

/* Begin PBXFrameworksBuildPhase section */
		03EC3A001A6216FB0046B8FD /* Frameworks */ = {
			isa = PBXFrameworksBuildPhase;
			buildActionMask = 2147483647;
			files = (
			);
			runOnlyForDeploymentPostprocessing = 0;
		};
		03EC3A131A6216FB0046B8FD /* Frameworks */ = {
			isa = PBXFrameworksBuildPhase;
			buildActionMask = 2147483647;
			files = (
			);
			runOnlyForDeploymentPostprocessing = 0;
		};
/* End PBXFrameworksBuildPhase section */

/* Begin PBXGroup section */
		03EC39FA1A6216FB0046B8FD = {
			isa = PBXGroup;
			children = (
				03EC3A051A6216FB0046B8FD /* iCosn */,
				03EC3A191A6216FB0046B8FD /* iCosnTests */,
				03EC3A041A6216FB0046B8FD /* Products */,
			);
			sourceTree = "<group>";
		};
		03EC3A041A6216FB0046B8FD /* Products */ = {
			isa = PBXGroup;
			children = (
				03EC3A031A6216FB0046B8FD /* iCosn.app */,
				03EC3A161A6216FB0046B8FD /* iCosnTests.xctest */,
			);
			name = Products;
			sourceTree = "<group>";
		};
		03EC3A051A6216FB0046B8FD /* iCosn */ = {
			isa = PBXGroup;
			children = (
				03EC3A2C1A6224EA0046B8FD /* FRImageHelper.h */,
				03EC3A2D1A6224EA0046B8FD /* FRImageHelper.m */,
				03EC3A261A621B750046B8FD /* FRFileDropView.h */,
				03EC3A271A621B750046B8FD /* FRFileDropView.m */,
				0365D5401A62B11600683791 /* FRSizeWindowController.h */,
				0365D5411A62B11600683791 /* FRSizeWindowController.m */,
				0365D5421A62B11600683791 /* FRSizeWindowController.xib */,
				03EC3A081A6216FB0046B8FD /* AppDelegate.h */,
				03EC3A091A6216FB0046B8FD /* AppDelegate.m */,
				03EC3A0D1A6216FB0046B8FD /* Images.xcassets */,
				03EC3A0F1A6216FB0046B8FD /* MainMenu.xib */,
				03EC3A061A6216FB0046B8FD /* Supporting Files */,
			);
			path = iCosn;
			sourceTree = "<group>";
		};
		03EC3A061A6216FB0046B8FD /* Supporting Files */ = {
			isa = PBXGroup;
			children = (
				03EC3A071A6216FB0046B8FD /* Info.plist */,
				03EC3A0B1A6216FB0046B8FD /* main.m */,
			);
			name = "Supporting Files";
			sourceTree = "<group>";
		};
		03EC3A191A6216FB0046B8FD /* iCosnTests */ = {
			isa = PBXGroup;
			children = (
				03EC3A1C1A6216FB0046B8FD /* iCosnTests.m */,
				03EC3A1A1A6216FB0046B8FD /* Supporting Files */,
			);
			path = iCosnTests;
			sourceTree = "<group>";
		};
		03EC3A1A1A6216FB0046B8FD /* Supporting Files */ = {
			isa = PBXGroup;
			children = (
				03EC3A1B1A6216FB0046B8FD /* Info.plist */,
			);
			name = "Supporting Files";
			sourceTree = "<group>";
		};
/* End PBXGroup section */

/* Begin PBXNativeTarget section */
		03EC3A021A6216FB0046B8FD /* iCosn */ = {
			isa = PBXNativeTarget;
			buildConfigurationList = 03EC3A201A6216FB0046B8FD /* Build configuration list for PBXNativeTarget "iCosn" */;
			buildPhases = (
				03EC39FF1A6216FB0046B8FD /* Sources */,
				03EC3A001A6216FB0046B8FD /* Frameworks */,
				03EC3A011A6216FB0046B8FD /* Resources */,
			);
			buildRules = (
			);
			dependencies = (
			);
			name = iCosn;
			productName = iCosn;
			productReference = 03EC3A031A6216FB0046B8FD /* iCosn.app */;
			productType = "com.apple.product-type.application";
		};
		03EC3A151A6216FB0046B8FD /* iCosnTests */ = {
			isa = PBXNativeTarget;
			buildConfigurationList = 03EC3A231A6216FB0046B8FD /* Build configuration list for PBXNativeTarget "iCosnTests" */;
			buildPhases = (
				03EC3A121A6216FB0046B8FD /* Sources */,
				03EC3A131A6216FB0046B8FD /* Frameworks */,
				03EC3A141A6216FB0046B8FD /* Resources */,
			);
			buildRules = (
			);
			dependencies = (
				03EC3A181A6216FB0046B8FD /* PBXTargetDependency */,
			);
			name = iCosnTests;
			productName = iCosnTests;
			productReference = 03EC3A161A6216FB0046B8FD /* iCosnTests.xctest */;
			productType = "com.apple.product-type.bundle.unit-test";
		};
/* End PBXNativeTarget section */

/* Begin PBXProject section */
		03EC39FB1A6216FB0046B8FD /* Project object */ = {
			isa = PBXProject;
			attributes = {
				LastUpgradeCheck = 0610;
				ORGANIZATIONNAME = "Yuqing Jiang";
				TargetAttributes = {
					03EC3A021A6216FB0046B8FD = {
						CreatedOnToolsVersion = 6.1;
					};
					03EC3A151A6216FB0046B8FD = {
						CreatedOnToolsVersion = 6.1;
						TestTargetID = 03EC3A021A6216FB0046B8FD;
					};
				};
			};
			buildConfigurationList = 03EC39FE1A6216FB0046B8FD /* Build configuration list for PBXProject "iCosn" */;
			compatibilityVersion = "Xcode 3.2";
			developmentRegion = English;
			hasScannedForEncodings = 0;
			knownRegions = (
				en,
				Base,
			);
			mainGroup = 03EC39FA1A6216FB0046B8FD;
			productRefGroup = 03EC3A041A6216FB0046B8FD /* Products */;
			projectDirPath = "";
			projectRoot = "";
			targets = (
				03EC3A021A6216FB0046B8FD /* iCosn */,
				03EC3A151A6216FB0046B8FD /* iCosnTests */,
			);
		};
/* End PBXProject section */

/* Begin PBXResourcesBuildPhase section */
		03EC3A011A6216FB0046B8FD /* Resources */ = {
			isa = PBXResourcesBuildPhase;
			buildActionMask = 2147483647;
			files = (
				03EC3A0E1A6216FB0046B8FD /* Images.xcassets in Resources */,
				03EC3A111A6216FB0046B8FD /* MainMenu.xib in Resources */,
				0365D5441A62B11600683791 /* FRSizeWindowController.xib in Resources */,
			);
			runOnlyForDeploymentPostprocessing = 0;
		};
		03EC3A141A6216FB0046B8FD /* Resources */ = {
			isa = PBXResourcesBuildPhase;
			buildActionMask = 2147483647;
			files = (
			);
			runOnlyForDeploymentPostprocessing = 0;
		};
/* End PBXResourcesBuildPhase section */

/* Begin PBXSourcesBuildPhase section */
		03EC39FF1A6216FB0046B8FD /* Sources */ = {
			isa = PBXSourcesBuildPhase;
			buildActionMask = 2147483647;
			files = (
				0365D5431A62B11600683791 /* FRSizeWindowController.m in Sources */,
				03EC3A0C1A6216FB0046B8FD /* main.m in Sources */,
				03EC3A281A621B750046B8FD /* FRFileDropView.m in Sources */,
				03EC3A2E1A6224EA0046B8FD /* FRImageHelper.m in Sources */,
				03EC3A0A1A6216FB0046B8FD /* AppDelegate.m in Sources */,
			);
			runOnlyForDeploymentPostprocessing = 0;
		};
		03EC3A121A6216FB0046B8FD /* Sources */ = {
			isa = PBXSourcesBuildPhase;
			buildActionMask = 2147483647;
			files = (
				03EC3A1D1A6216FB0046B8FD /* iCosnTests.m in Sources */,
			);
			runOnlyForDeploymentPostprocessing = 0;
		};
/* End PBXSourcesBuildPhase section */

/* Begin PBXTargetDependency section */
		03EC3A181A6216FB0046B8FD /* PBXTargetDependency */ = {
			isa = PBXTargetDependency;
			target = 03EC3A021A6216FB0046B8FD /* iCosn */;
			targetProxy = 03EC3A171A6216FB0046B8FD /* PBXContainerItemProxy */;
		};
/* End PBXTargetDependency section */

/* Begin PBXVariantGroup section */
		03EC3A0F1A6216FB0046B8FD /* MainMenu.xib */ = {
			isa = PBXVariantGroup;
			children = (
				03EC3A101A6216FB0046B8FD /* Base */,
			);
			name = MainMenu.xib;
			sourceTree = "<group>";
		};
/* End PBXVariantGroup section */

/* Begin XCBuildConfiguration section */
		03EC3A1E1A6216FB0046B8FD /* Debug */ = {
			isa = XCBuildConfiguration;
			buildSettings = {
				ALWAYS_SEARCH_USER_PATHS = NO;
				CLANG_CXX_LANGUAGE_STANDARD = "gnu++0x";
				CLANG_CXX_LIBRARY = "libc++";
				CLANG_ENABLE_MODULES = YES;
				CLANG_ENABLE_OBJC_ARC = YES;
				CLANG_WARN_BOOL_CONVERSION = YES;
				CLANG_WARN_CONSTANT_CONVERSION = YES;
				CLANG_WARN_DIRECT_OBJC_ISA_USAGE = YES_ERROR;
				CLANG_WARN_EMPTY_BODY = YES;
				CLANG_WARN_ENUM_CONVERSION = YES;
				CLANG_WARN_INT_CONVERSION = YES;
				CLANG_WARN_OBJC_ROOT_CLASS = YES_ERROR;
				CLANG_WARN_UNREACHABLE_CODE = YES;
				CLANG_WARN__DUPLICATE_METHOD_MATCH = YES;
				CODE_SIGN_IDENTITY = "-";
				COPY_PHASE_STRIP = NO;
				ENABLE_STRICT_OBJC_MSGSEND = YES;
				GCC_C_LANGUAGE_STANDARD = gnu99;
				GCC_DYNAMIC_NO_PIC = NO;
				GCC_OPTIMIZATION_LEVEL = 0;
				GCC_PREPROCESSOR_DEFINITIONS = (
					"DEBUG=1",
					"$(inherited)",
				);
				GCC_SYMBOLS_PRIVATE_EXTERN = NO;
				GCC_WARN_64_TO_32_BIT_CONVERSION = YES;
				GCC_WARN_ABOUT_RETURN_TYPE = YES_ERROR;
				GCC_WARN_UNDECLARED_SELECTOR = YES;
				GCC_WARN_UNINITIALIZED_AUTOS = YES_AGGRESSIVE;
				GCC_WARN_UNUSED_FUNCTION = YES;
				GCC_WARN_UNUSED_VARIABLE = YES;
				MACOSX_DEPLOYMENT_TARGET = 10.10;
				MTL_ENABLE_DEBUG_INFO = YES;
				ONLY_ACTIVE_ARCH = YES;
				SDKROOT = macosx;
			};
			name = Debug;
		};
		03EC3A1F1A6216FB0046B8FD /* Release */ = {
			isa = XCBuildConfiguration;
			buildSettings = {
				ALWAYS_SEARCH_USER_PATHS = NO;
				CLANG_CXX_LANGUAGE_STANDARD = "gnu++0x";
				CLANG_CXX_LIBRARY = "libc++";
				CLANG_ENABLE_MODULES = YES;
				CLANG_ENABLE_OBJC_ARC = YES;
				CLANG_WARN_BOOL_CONVERSION = YES;
				CLANG_WARN_CONSTANT_CONVERSION = YES;
				CLANG_WARN_DIRECT_OBJC_ISA_USAGE = YES_ERROR;
				CLANG_WARN_EMPTY_BODY = YES;
				CLANG_WARN_ENUM_CONVERSION = YES;
				CLANG_WARN_INT_CONVERSION = YES;
				CLANG_WARN_OBJC_ROOT_CLASS = YES_ERROR;
				CLANG_WARN_UNREACHABLE_CODE = YES;
				CLANG_WARN__DUPLICATE_METHOD_MATCH = YES;
				CODE_SIGN_IDENTITY = "-";
				COPY_PHASE_STRIP = YES;
				DEBUG_INFORMATION_FORMAT = "dwarf-with-dsym";
				ENABLE_NS_ASSERTIONS = NO;
				ENABLE_STRICT_OBJC_MSGSEND = YES;
				GCC_C_LANGUAGE_STANDARD = gnu99;
				GCC_WARN_64_TO_32_BIT_CONVERSION = YES;
				GCC_WARN_ABOUT_RETURN_TYPE = YES_ERROR;
				GCC_WARN_UNDECLARED_SELECTOR = YES;
				GCC_WARN_UNINITIALIZED_AUTOS = YES_AGGRESSIVE;
				GCC_WARN_UNUSED_FUNCTION = YES;
				GCC_WARN_UNUSED_VARIABLE = YES;
				MACOSX_DEPLOYMENT_TARGET = 10.10;
				MTL_ENABLE_DEBUG_INFO = NO;
				SDKROOT = macosx;
			};
			name = Release;
		};
		03EC3A211A6216FB0046B8FD /* Debug */ = {
			isa = XCBuildConfiguration;
			buildSettings = {
				ASSETCATALOG_COMPILER_APPICON_NAME = AppIcon;
				COMBINE_HIDPI_IMAGES = YES;
				INFOPLIST_FILE = iCosn/Info.plist;
				LD_RUNPATH_SEARCH_PATHS = "$(inherited) @executable_path/../Frameworks";
				PRODUCT_NAME = "$(TARGET_NAME)";
			};
			name = Debug;
		};
		03EC3A221A6216FB0046B8FD /* Release */ = {
			isa = XCBuildConfiguration;
			buildSettings = {
				ASSETCATALOG_COMPILER_APPICON_NAME = AppIcon;
				COMBINE_HIDPI_IMAGES = YES;
				INFOPLIST_FILE = iCosn/Info.plist;
				LD_RUNPATH_SEARCH_PATHS = "$(inherited) @executable_path/../Frameworks";
				PRODUCT_NAME = "$(TARGET_NAME)";
			};
			name = Release;
		};
		03EC3A241A6216FB0046B8FD /* Debug */ = {
			isa = XCBuildConfiguration;
			buildSettings = {
				BUNDLE_LOADER = "$(TEST_HOST)";
				COMBINE_HIDPI_IMAGES = YES;
				FRAMEWORK_SEARCH_PATHS = (
					"$(DEVELOPER_FRAMEWORKS_DIR)",
					"$(inherited)",
				);
				GCC_PREPROCESSOR_DEFINITIONS = (
					"DEBUG=1",
					"$(inherited)",
				);
				INFOPLIST_FILE = iCosnTests/Info.plist;
				LD_RUNPATH_SEARCH_PATHS = "$(inherited) @executable_path/../Frameworks @loader_path/../Frameworks";
				PRODUCT_NAME = "$(TARGET_NAME)";
				TEST_HOST = "$(BUILT_PRODUCTS_DIR)/iCosn.app/Contents/MacOS/iCosn";
			};
			name = Debug;
		};
		03EC3A251A6216FB0046B8FD /* Release */ = {
			isa = XCBuildConfiguration;
			buildSettings = {
				BUNDLE_LOADER = "$(TEST_HOST)";
				COMBINE_HIDPI_IMAGES = YES;
				FRAMEWORK_SEARCH_PATHS = (
					"$(DEVELOPER_FRAMEWORKS_DIR)",
					"$(inherited)",
				);
				INFOPLIST_FILE = iCosnTests/Info.plist;
				LD_RUNPATH_SEARCH_PATHS = "$(inherited) @executable_path/../Frameworks @loader_path/../Frameworks";
				PRODUCT_NAME = "$(TARGET_NAME)";
				TEST_HOST = "$(BUILT_PRODUCTS_DIR)/iCosn.app/Contents/MacOS/iCosn";
			};
			name = Release;
		};
/* End XCBuildConfiguration section */

/* Begin XCConfigurationList section */
		03EC39FE1A6216FB0046B8FD /* Build configuration list for PBXProject "iCosn" */ = {
			isa = XCConfigurationList;
			buildConfigurations = (
				03EC3A1E1A6216FB0046B8FD /* Debug */,
				03EC3A1F1A6216FB0046B8FD /* Release */,
			);
			defaultConfigurationIsVisible = 0;
			defaultConfigurationName = Release;
		};
		03EC3A201A6216FB0046B8FD /* Build configuration list for PBXNativeTarget "iCosn" */ = {
			isa = XCConfigurationList;
			buildConfigurations = (
				03EC3A211A6216FB0046B8FD /* Debug */,
				03EC3A221A6216FB0046B8FD /* Release */,
			);
			defaultConfigurationIsVisible = 0;
			defaultConfigurationName = Release;
		};
		03EC3A231A6216FB0046B8FD /* Build configuration list for PBXNativeTarget "iCosnTests" */ = {
			isa = XCConfigurationList;
			buildConfigurations = (
				03EC3A241A6216FB0046B8FD /* Debug */,
				03EC3A251A6216FB0046B8FD /* Release */,
			);
			defaultConfigurationIsVisible = 0;
			defaultConfigurationName = Release;
		};
/* End XCConfigurationList section */
	};
	rootObject = 03EC39FB1A6216FB0046B8FD /* Project object */;
}
